{
  "name": "nextjs",
  "version": "4.0.0",
  "lockfileVersion": 1,
  "requires": true,
  "dependencies": {
    "react-hook-form": {
      "version": "7.14.0",
      "resolved": "https://registry.npmjs.org/react-hook-form/-/react-hook-form-7.14.0.tgz",
      "integrity": "sha512-JwnIFedpGwUqxtMLv7lLq8PS6M6snFVeDvAQnG/0lyForn0ucWKMr58j86+9HobUGX6SAFmv7sVIJdLaxxzb8A=="
    }
  }
}
